// !$*UTF8*$!
{
	archiveVersion = 1;
	classes = {
	};
	objectVersion = 46;
	objects = {

/* Begin PBXAggregateTarget section */
		61BB70C8ECD540358D7F58EF /* ALL_BUILD */ = {
			isa = PBXAggregateTarget;
			buildConfigurationList = 2F7E629C49E7431D99964402 /* Build configuration list for PBXAggregateTarget "ALL_BUILD" */;
			buildPhases = (
				DB5CF3BBFBA34458A7C697AB /* CMake Rules */,
			);
			dependencies = (
				B278E7D14CF94A63902FB07C /* PBXTargetDependency */,
				2D78F5344AF4415DBB1406F5 /* PBXTargetDependency */,
			);
			name = ALL_BUILD;
			productName = ALL_BUILD;
		};
		C8020142E16E42E49E8F7BE4 /* ZERO_CHECK */ = {
			isa = PBXAggregateTarget;
			buildConfigurationList = 2ECA778DE00E4A1099D3B41E /* Build configuration list for PBXAggregateTarget "ZERO_CHECK" */;
			buildPhases = (
				AF6687E4AEF54B9AB97D8387 /* CMake Rules */,
			);
			dependencies = (
			);
			name = ZERO_CHECK;
			productName = ZERO_CHECK;
		};
/* End PBXAggregateTarget section */

/* Begin PBXBuildFile section */
		11F134B72F77493ABC3AEE34 /* /Users/lukasss/Coding/CarND-Extended-Kalman-Filter-Project-P6/src/FusionEKF.h */ = {isa = PBXBuildFile; fileRef = 5C104A0F3F95472DA6B89E03 /* /Users/lukasss/Coding/CarND-Extended-Kalman-Filter-Project-P6/src/FusionEKF.h */; };
		2A91A7AD005C455A8FFC4EB3 /* /Users/lukasss/Coding/CarND-Extended-Kalman-Filter-Project-P6/src/tools.h */ = {isa = PBXBuildFile; fileRef = 045BABDD52734FC489DC771B /* /Users/lukasss/Coding/CarND-Extended-Kalman-Filter-Project-P6/src/tools.h */; };
		4DC232C90362473996706472 /* /Users/lukasss/Coding/CarND-Extended-Kalman-Filter-Project-P6/src/kalman_filter.h */ = {isa = PBXBuildFile; fileRef = 6DF0DE27EF5040278325F084 /* /Users/lukasss/Coding/CarND-Extended-Kalman-Filter-Project-P6/src/kalman_filter.h */; };
		6BECA6EFB5F04F3AA2D11390 /* /Users/lukasss/Coding/CarND-Extended-Kalman-Filter-Project-P6/src/tools.cpp */ = {isa = PBXBuildFile; fileRef = 4DD0793D4D9F4C098275EC34 /* /Users/lukasss/Coding/CarND-Extended-Kalman-Filter-Project-P6/src/tools.cpp */; };
		8EF6584A9A3047F9B0BD558E /* /Users/lukasss/Coding/CarND-Extended-Kalman-Filter-Project-P6/src/kalman_filter.cpp */ = {isa = PBXBuildFile; fileRef = E9379F1019BB48CABCDAAF1D /* /Users/lukasss/Coding/CarND-Extended-Kalman-Filter-Project-P6/src/kalman_filter.cpp */; };
		A8CC5E8AF53C499CBB808B47 /* /Users/lukasss/Coding/CarND-Extended-Kalman-Filter-Project-P6/src/FusionEKF.cpp */ = {isa = PBXBuildFile; fileRef = C364044D55F74A4DAED9C99A /* /Users/lukasss/Coding/CarND-Extended-Kalman-Filter-Project-P6/src/FusionEKF.cpp */; };
		BC92A77071B94188A557B4D3 /* /Users/lukasss/Coding/CarND-Extended-Kalman-Filter-Project-P6/src/main.cpp */ = {isa = PBXBuildFile; fileRef = B7FD8844A7E141A2B4264F3E /* /Users/lukasss/Coding/CarND-Extended-Kalman-Filter-Project-P6/src/main.cpp */; };
		FB1A84E6E2D84455AF6C8CFD /* /Users/lukasss/Coding/CarND-Extended-Kalman-Filter-Project-P6/CMakeLists.txt */ = {isa = PBXBuildFile; fileRef = 8A87957C206544889A90F3A4 /* /Users/lukasss/Coding/CarND-Extended-Kalman-Filter-Project-P6/CMakeLists.txt */; };
/* End PBXBuildFile section */

/* Begin PBXBuildStyle section */
		0380140B87BA4B9081CC4FAB /* MinSizeRel */ = {
			isa = PBXBuildStyle;
			buildSettings = {
				COPY_PHASE_STRIP = NO;
			};
			name = MinSizeRel;
		};
		9C9B3999E6D54C59AE39AEA9 /* RelWithDebInfo */ = {
			isa = PBXBuildStyle;
			buildSettings = {
				COPY_PHASE_STRIP = NO;
			};
			name = RelWithDebInfo;
		};
		CE8FDAB5070D47FF956FB956 /* Debug */ = {
			isa = PBXBuildStyle;
			buildSettings = {
				COPY_PHASE_STRIP = NO;
			};
			name = Debug;
		};
		D2B32B9492E249F38FF0E3EA /* Release */ = {
			isa = PBXBuildStyle;
			buildSettings = {
				COPY_PHASE_STRIP = NO;
			};
			name = Release;
		};
/* End PBXBuildStyle section */

/* Begin PBXContainerItemProxy section */
		A754DA3DAE1B488A88EB2D32 /* PBXContainerItemProxy */ = {
			isa = PBXContainerItemProxy;
			containerPortal = DE733ABA857F4FCB82982CA0 /* Project object */;
			proxyType = 1;
			remoteGlobalIDString = 6F576711107D47CF98ACDBF4;
			remoteInfo = ExtendedKF;
		};
		C8BEC92FDD3740DDA6006005 /* PBXContainerItemProxy */ = {
			isa = PBXContainerItemProxy;
			containerPortal = DE733ABA857F4FCB82982CA0 /* Project object */;
			proxyType = 1;
			remoteGlobalIDString = C8020142E16E42E49E8F7BE4;
			remoteInfo = ZERO_CHECK;
		};
		DD1BADFB72924DC3B8959AE9 /* PBXContainerItemProxy */ = {
			isa = PBXContainerItemProxy;
			containerPortal = DE733ABA857F4FCB82982CA0 /* Project object */;
			proxyType = 1;
			remoteGlobalIDString = C8020142E16E42E49E8F7BE4;
			remoteInfo = ZERO_CHECK;
		};
/* End PBXContainerItemProxy section */

/* Begin PBXFileReference section */
		045BABDD52734FC489DC771B /* /Users/lukasss/Coding/CarND-Extended-Kalman-Filter-Project-P6/src/tools.h */ = {isa = PBXFileReference; explicitFileType = sourcecode.c.h; fileEncoding = 4; name = tools.h; path = src/tools.h; sourceTree = SOURCE_ROOT; };
		4DD0793D4D9F4C098275EC34 /* /Users/lukasss/Coding/CarND-Extended-Kalman-Filter-Project-P6/src/tools.cpp */ = {isa = PBXFileReference; explicitFileType = sourcecode.cpp.cpp; fileEncoding = 4; name = tools.cpp; path = src/tools.cpp; sourceTree = SOURCE_ROOT; };
		5C104A0F3F95472DA6B89E03 /* /Users/lukasss/Coding/CarND-Extended-Kalman-Filter-Project-P6/src/FusionEKF.h */ = {isa = PBXFileReference; explicitFileType = sourcecode.c.h; fileEncoding = 4; name = FusionEKF.h; path = src/FusionEKF.h; sourceTree = SOURCE_ROOT; };
		6DF0DE27EF5040278325F084 /* /Users/lukasss/Coding/CarND-Extended-Kalman-Filter-Project-P6/src/kalman_filter.h */ = {isa = PBXFileReference; explicitFileType = sourcecode.c.h; fileEncoding = 4; name = kalman_filter.h; path = src/kalman_filter.h; sourceTree = SOURCE_ROOT; };
		8A87957C206544889A90F3A4 /* /Users/lukasss/Coding/CarND-Extended-Kalman-Filter-Project-P6/CMakeLists.txt */ = {isa = PBXFileReference; explicitFileType = sourcecode.text; fileEncoding = 4; name = CMakeLists.txt; path = CMakeLists.txt; sourceTree = SOURCE_ROOT; };
		A6A70257B4C84300A26120F0 /* /Users/lukasss/Coding/CarND-Extended-Kalman-Filter-Project-P6/CMakeLists.txt */ = {isa = PBXFileReference; explicitFileType = sourcecode.text; fileEncoding = 4; name = CMakeLists.txt; path = CMakeLists.txt; sourceTree = SOURCE_ROOT; };
		B097BE61E82D46539B679E73 /* ExtendedKF */ = {isa = PBXFileReference; explicitFileType = "compiled.mach-o.executable"; path = ExtendedKF; sourceTree = BUILT_PRODUCTS_DIR; };
		B7FD8844A7E141A2B4264F3E /* /Users/lukasss/Coding/CarND-Extended-Kalman-Filter-Project-P6/src/main.cpp */ = {isa = PBXFileReference; explicitFileType = sourcecode.cpp.cpp; fileEncoding = 4; name = main.cpp; path = src/main.cpp; sourceTree = SOURCE_ROOT; };
		C364044D55F74A4DAED9C99A /* /Users/lukasss/Coding/CarND-Extended-Kalman-Filter-Project-P6/src/FusionEKF.cpp */ = {isa = PBXFileReference; explicitFileType = sourcecode.cpp.cpp; fileEncoding = 4; name = FusionEKF.cpp; path = src/FusionEKF.cpp; sourceTree = SOURCE_ROOT; };
		E9379F1019BB48CABCDAAF1D /* /Users/lukasss/Coding/CarND-Extended-Kalman-Filter-Project-P6/src/kalman_filter.cpp */ = {isa = PBXFileReference; explicitFileType = sourcecode.cpp.cpp; fileEncoding = 4; name = kalman_filter.cpp; path = src/kalman_filter.cpp; sourceTree = SOURCE_ROOT; };
/* End PBXFileReference section */

/* Begin PBXGroup section */
		195504154AF64AC2B8417F4A = {
			isa = PBXGroup;
			children = (
				978C04FEFB0745B8BC956800 /* ExtendedKF */,
				B1FEC8D515064D40B98F8F43 /* ALL_BUILD */,
				BDF813034DCA4B14A48AB8A7 /* Products */,
			);
			sourceTree = "<group>";
		};
		1B62422C523F441A83324B26 /* Source Files */ = {
			isa = PBXGroup;
			children = (
				C364044D55F74A4DAED9C99A /* /Users/lukasss/Coding/CarND-Extended-Kalman-Filter-Project-P6/src/FusionEKF.cpp */,
				E9379F1019BB48CABCDAAF1D /* /Users/lukasss/Coding/CarND-Extended-Kalman-Filter-Project-P6/src/kalman_filter.cpp */,
				B7FD8844A7E141A2B4264F3E /* /Users/lukasss/Coding/CarND-Extended-Kalman-Filter-Project-P6/src/main.cpp */,
				4DD0793D4D9F4C098275EC34 /* /Users/lukasss/Coding/CarND-Extended-Kalman-Filter-Project-P6/src/tools.cpp */,
			);
			name = "Source Files";
			sourceTree = "<group>";
		};
		5DAA3B3A5D1C429ABBC2CA5D /* CMake Rules */ = {
			isa = PBXGroup;
			children = (
			);
			name = "CMake Rules";
			sourceTree = "<group>";
		};
		978C04FEFB0745B8BC956800 /* ExtendedKF */ = {
			isa = PBXGroup;
			children = (
				1B62422C523F441A83324B26 /* Source Files */,
				BEC85CCB717446AB9E9CADA0 /* Header Files */,
				8A87957C206544889A90F3A4 /* /Users/lukasss/Coding/CarND-Extended-Kalman-Filter-Project-P6/CMakeLists.txt */,
			);
			name = ExtendedKF;
			sourceTree = "<group>";
		};
		B1FEC8D515064D40B98F8F43 /* ALL_BUILD */ = {
			isa = PBXGroup;
			children = (
				5DAA3B3A5D1C429ABBC2CA5D /* CMake Rules */,
				A6A70257B4C84300A26120F0 /* /Users/lukasss/Coding/CarND-Extended-Kalman-Filter-Project-P6/CMakeLists.txt */,
			);
			name = ALL_BUILD;
			sourceTree = "<group>";
		};
		BDF813034DCA4B14A48AB8A7 /* Products */ = {
			isa = PBXGroup;
			children = (
				B097BE61E82D46539B679E73 /* ExtendedKF */,
			);
			name = Products;
			sourceTree = "<group>";
		};
		BEC85CCB717446AB9E9CADA0 /* Header Files */ = {
			isa = PBXGroup;
			children = (
				5C104A0F3F95472DA6B89E03 /* /Users/lukasss/Coding/CarND-Extended-Kalman-Filter-Project-P6/src/FusionEKF.h */,
				6DF0DE27EF5040278325F084 /* /Users/lukasss/Coding/CarND-Extended-Kalman-Filter-Project-P6/src/kalman_filter.h */,
				045BABDD52734FC489DC771B /* /Users/lukasss/Coding/CarND-Extended-Kalman-Filter-Project-P6/src/tools.h */,
			);
			name = "Header Files";
			sourceTree = "<group>";
		};
/* End PBXGroup section */

/* Begin PBXNativeTarget section */
		6F576711107D47CF98ACDBF4 /* ExtendedKF */ = {
			isa = PBXNativeTarget;
			buildConfigurationList = 5C994BE2A84D4C63B093E25A /* Build configuration list for PBXNativeTarget "ExtendedKF" */;
			buildPhases = (
				7E7DEC3FC00244CFBC5B2A3E /* Sources */,
			);
			buildRules = (
			);
			dependencies = (
				74AD9CE6F22843539B04846E /* PBXTargetDependency */,
			);
			name = ExtendedKF;
			productName = ExtendedKF;
			productReference = B097BE61E82D46539B679E73 /* ExtendedKF */;
			productType = "com.apple.product-type.tool";
		};
/* End PBXNativeTarget section */

/* Begin PBXProject section */
		DE733ABA857F4FCB82982CA0 /* Project object */ = {
			isa = PBXProject;
			attributes = {
				BuildIndependentTargetsInParallel = YES;
				LastUpgradeCheck = 0940;
			};
			buildConfigurationList = 23471073960F4D398068D614 /* Build configuration list for PBXProject "ExtendedKF" */;
			buildSettings = {
			};
			buildStyles = (
				CE8FDAB5070D47FF956FB956 /* Debug */,
				D2B32B9492E249F38FF0E3EA /* Release */,
				0380140B87BA4B9081CC4FAB /* MinSizeRel */,
				9C9B3999E6D54C59AE39AEA9 /* RelWithDebInfo */,
			);
			compatibilityVersion = "Xcode 3.2";
			hasScannedForEncodings = 0;
			mainGroup = 195504154AF64AC2B8417F4A;
			projectDirPath = ../../;
			projectRoot = "";
			targets = (
				61BB70C8ECD540358D7F58EF /* ALL_BUILD */,
				6F576711107D47CF98ACDBF4 /* ExtendedKF */,
				C8020142E16E42E49E8F7BE4 /* ZERO_CHECK */,
			);
		};
/* End PBXProject section */

/* Begin PBXShellScriptBuildPhase section */
		AE66B8D7A2F94ECB965619C9 = {
			isa = PBXShellScriptBuildPhase;
			buildActionMask = 2147483647;
			files = (
			);
			inputPaths = (
			);
			outputPaths = (
			);
			runOnlyForDeploymentPostprocessing = 0;
			shellPath = /bin/sh;
			shellScript = "# shell script goes here
exit 0";
			showEnvVarsInLog = 0;
		};
		AF6687E4AEF54B9AB97D8387 /* CMake Rules */ = {
			isa = PBXShellScriptBuildPhase;
			buildActionMask = 2147483647;
			files = (
			);
			name = "CMake Rules";
			runOnlyForDeploymentPostprocessing = 0;
			shellPath = /bin/sh;
			shellScript = "make -C /Users/lukasss/Coding/CarND-Extended-Kalman-Filter-Project-P6/ide_profiles/xcode -f /Users/lukasss/Coding/CarND-Extended-Kalman-Filter-Project-P6/ide_profiles/xcode/CMakeScripts/ZERO_CHECK_cmakeRulesBuildPhase.make$CONFIGURATION all";
			showEnvVarsInLog = 0;
		};
		DB5CF3BBFBA34458A7C697AB /* CMake Rules */ = {
			isa = PBXShellScriptBuildPhase;
			buildActionMask = 2147483647;
			files = (
			);
			name = "CMake Rules";
			runOnlyForDeploymentPostprocessing = 0;
			shellPath = /bin/sh;
			shellScript = "make -C /Users/lukasss/Coding/CarND-Extended-Kalman-Filter-Project-P6/ide_profiles/xcode -f /Users/lukasss/Coding/CarND-Extended-Kalman-Filter-Project-P6/ide_profiles/xcode/CMakeScripts/ALL_BUILD_cmakeRulesBuildPhase.make$CONFIGURATION all";
			showEnvVarsInLog = 0;
		};
		EE0FB1BE5DE447C581563A9D = {
			isa = PBXShellScriptBuildPhase;
			buildActionMask = 2147483647;
			files = (
			);
			inputPaths = (
			);
			outputPaths = (
			);
			runOnlyForDeploymentPostprocessing = 0;
			shellPath = /bin/sh;
			shellScript = "# shell script goes here
exit 0";
			showEnvVarsInLog = 0;
		};
/* End PBXShellScriptBuildPhase section */

/* Begin PBXSourcesBuildPhase section */
		7E7DEC3FC00244CFBC5B2A3E /* Sources */ = {
			isa = PBXSourcesBuildPhase;
			buildActionMask = 2147483647;
			files = (
				A8CC5E8AF53C499CBB808B47 /* /Users/lukasss/Coding/CarND-Extended-Kalman-Filter-Project-P6/src/FusionEKF.cpp */,
				8EF6584A9A3047F9B0BD558E /* /Users/lukasss/Coding/CarND-Extended-Kalman-Filter-Project-P6/src/kalman_filter.cpp */,
				BC92A77071B94188A557B4D3 /* /Users/lukasss/Coding/CarND-Extended-Kalman-Filter-Project-P6/src/main.cpp */,
				6BECA6EFB5F04F3AA2D11390 /* /Users/lukasss/Coding/CarND-Extended-Kalman-Filter-Project-P6/src/tools.cpp */,
			);
			runOnlyForDeploymentPostprocessing = 0;
		};
/* End PBXSourcesBuildPhase section */

/* Begin PBXTargetDependency section */
		2D78F5344AF4415DBB1406F5 /* PBXTargetDependency */ = {
			isa = PBXTargetDependency;
			target = C8020142E16E42E49E8F7BE4 /* ZERO_CHECK */;
			targetProxy = C8BEC92FDD3740DDA6006005 /* PBXContainerItemProxy */;
		};
		74AD9CE6F22843539B04846E /* PBXTargetDependency */ = {
			isa = PBXTargetDependency;
			target = C8020142E16E42E49E8F7BE4 /* ZERO_CHECK */;
			targetProxy = DD1BADFB72924DC3B8959AE9 /* PBXContainerItemProxy */;
		};
		B278E7D14CF94A63902FB07C /* PBXTargetDependency */ = {
			isa = PBXTargetDependency;
			target = 6F576711107D47CF98ACDBF4 /* ExtendedKF */;
			targetProxy = A754DA3DAE1B488A88EB2D32 /* PBXContainerItemProxy */;
		};
/* End PBXTargetDependency section */

/* Begin XCBuildConfiguration section */
		0663A2EEDA7A455B817E8D05 /* MinSizeRel */ = {
			isa = XCBuildConfiguration;
			buildSettings = {
				ONLY_ACTIVE_ARCH = YES;
				SDKROOT = /Applications/Xcode.app/Contents/Developer/Platforms/MacOSX.platform/Developer/SDKs/MacOSX10.13.sdk;
				SYMROOT = "/Users/lukasss/Coding/CarND-Extended-Kalman-Filter-Project-P6/ide_profiles/xcode/build";
			};
			name = MinSizeRel;
		};
		10FADA735AAB485B95102BA7 /* Release */ = {
			isa = XCBuildConfiguration;
			buildSettings = {
				COMBINE_HIDPI_IMAGES = YES;
				EXECUTABLE_PREFIX = "";
				EXECUTABLE_SUFFIX = "";
				GCC_GENERATE_DEBUGGING_SYMBOLS = NO;
				GCC_INLINES_ARE_PRIVATE_EXTERN = NO;
				GCC_OPTIMIZATION_LEVEL = 3;
				GCC_PREPROCESSOR_DEFINITIONS = ("'CMAKE_INTDIR=\"$(CONFIGURATION)$(EFFECTIVE_PLATFORM_NAME)\"'");
				GCC_SYMBOLS_PRIVATE_EXTERN = NO;
				HEADER_SEARCH_PATHS = (/usr/local/include,/usr/local/opt/openssl/include);
				INSTALL_PATH = "";
				LD_RUNPATH_SEARCH_PATHS = "/usr/local/lib /usr/local/opt/openssl/lib /usr/local/Cellar/libuv/1*/lib";
				LIBRARY_SEARCH_PATHS = " /usr/local/lib/$(CONFIGURATION)$(EFFECTIVE_PLATFORM_NAME) /usr/local/lib /usr/local/opt/openssl/lib/$(CONFIGURATION)$(EFFECTIVE_PLATFORM_NAME) /usr/local/opt/openssl/lib /usr/local/Cellar/libuv/1*/lib/$(CONFIGURATION)$(EFFECTIVE_PLATFORM_NAME) /usr/local/Cellar/libuv/1*/lib";
				OTHER_CPLUSPLUSFLAGS = "-Wall     -DNDEBUG   -std=c++11";
				OTHER_LDFLAGS = " -Wl,-search_paths_first -Wl,-headerpad_max_install_names  -lz -lssl -luv -luWS";
				OTHER_REZFLAGS = "";
				PRODUCT_NAME = ExtendedKF;
				SECTORDER_FLAGS = "";
				SYMROOT = "/Users/lukasss/Coding/CarND-Extended-Kalman-Filter-Project-P6/ide_profiles/xcode";
				USE_HEADERMAP = NO;
				WARNING_CFLAGS = ("-Wmost","-Wno-four-char-constants","-Wno-unknown-pragmas","$(inherited)");
			};
			name = Release;
		};
		388DA966047142E8BA1DA634 /* MinSizeRel */ = {
			isa = XCBuildConfiguration;
			buildSettings = {
				COMBINE_HIDPI_IMAGES = YES;
				GCC_GENERATE_DEBUGGING_SYMBOLS = YES;
				GCC_INLINES_ARE_PRIVATE_EXTERN = NO;
				GCC_OPTIMIZATION_LEVEL = 0;
				GCC_PREPROCESSOR_DEFINITIONS = ("'CMAKE_INTDIR=\"$(CONFIGURATION)$(EFFECTIVE_PLATFORM_NAME)\"'");
				GCC_SYMBOLS_PRIVATE_EXTERN = NO;
				INSTALL_PATH = "";
				OTHER_LDFLAGS = " ";
				OTHER_REZFLAGS = "";
				PRODUCT_NAME = ALL_BUILD;
				SECTORDER_FLAGS = "";
				SYMROOT = "/Users/lukasss/Coding/CarND-Extended-Kalman-Filter-Project-P6/ide_profiles/xcode";
				USE_HEADERMAP = NO;
				WARNING_CFLAGS = ("-Wmost","-Wno-four-char-constants","-Wno-unknown-pragmas","$(inherited)");
			};
			name = MinSizeRel;
		};
		5649906D0CCB46888755B0EA /* RelWithDebInfo */ = {
			isa = XCBuildConfiguration;
			buildSettings = {
				ONLY_ACTIVE_ARCH = YES;
				SDKROOT = /Applications/Xcode.app/Contents/Developer/Platforms/MacOSX.platform/Developer/SDKs/MacOSX10.13.sdk;
				SYMROOT = "/Users/lukasss/Coding/CarND-Extended-Kalman-Filter-Project-P6/ide_profiles/xcode/build";
			};
			name = RelWithDebInfo;
		};
		5B57BDC55DB34E91AA4F7701 /* MinSizeRel */ = {
			isa = XCBuildConfiguration;
			buildSettings = {
				COMBINE_HIDPI_IMAGES = YES;
				GCC_GENERATE_DEBUGGING_SYMBOLS = YES;
				GCC_INLINES_ARE_PRIVATE_EXTERN = NO;
				GCC_OPTIMIZATION_LEVEL = 0;
				GCC_PREPROCESSOR_DEFINITIONS = ("'CMAKE_INTDIR=\"$(CONFIGURATION)$(EFFECTIVE_PLATFORM_NAME)\"'");
				GCC_SYMBOLS_PRIVATE_EXTERN = NO;
				INSTALL_PATH = "";
				OTHER_LDFLAGS = " ";
				OTHER_REZFLAGS = "";
				PRODUCT_NAME = ZERO_CHECK;
				SECTORDER_FLAGS = "";
				SYMROOT = "/Users/lukasss/Coding/CarND-Extended-Kalman-Filter-Project-P6/ide_profiles/xcode";
				USE_HEADERMAP = NO;
				WARNING_CFLAGS = ("-Wmost","-Wno-four-char-constants","-Wno-unknown-pragmas","$(inherited)");
			};
			name = MinSizeRel;
		};
		5EC5466EB024416CAF356D0C /* MinSizeRel */ = {
			isa = XCBuildConfiguration;
			buildSettings = {
				COMBINE_HIDPI_IMAGES = YES;
				EXECUTABLE_PREFIX = "";
				EXECUTABLE_SUFFIX = "";
				GCC_GENERATE_DEBUGGING_SYMBOLS = NO;
				GCC_INLINES_ARE_PRIVATE_EXTERN = NO;
				GCC_OPTIMIZATION_LEVEL = s;
				GCC_PREPROCESSOR_DEFINITIONS = ("'CMAKE_INTDIR=\"$(CONFIGURATION)$(EFFECTIVE_PLATFORM_NAME)\"'");
				GCC_SYMBOLS_PRIVATE_EXTERN = NO;
				HEADER_SEARCH_PATHS = (/usr/local/include,/usr/local/opt/openssl/include);
				INSTALL_PATH = "";
				LD_RUNPATH_SEARCH_PATHS = "/usr/local/lib /usr/local/opt/openssl/lib /usr/local/Cellar/libuv/1*/lib";
				LIBRARY_SEARCH_PATHS = " /usr/local/lib/$(CONFIGURATION)$(EFFECTIVE_PLATFORM_NAME) /usr/local/lib /usr/local/opt/openssl/lib/$(CONFIGURATION)$(EFFECTIVE_PLATFORM_NAME) /usr/local/opt/openssl/lib /usr/local/Cellar/libuv/1*/lib/$(CONFIGURATION)$(EFFECTIVE_PLATFORM_NAME) /usr/local/Cellar/libuv/1*/lib";
				OTHER_CPLUSPLUSFLAGS = "-Wall     -DNDEBUG   -std=c++11";
				OTHER_LDFLAGS = " -Wl,-search_paths_first -Wl,-headerpad_max_install_names  -lz -lssl -luv -luWS";
				OTHER_REZFLAGS = "";
				PRODUCT_NAME = ExtendedKF;
				SECTORDER_FLAGS = "";
				SYMROOT = "/Users/lukasss/Coding/CarND-Extended-Kalman-Filter-Project-P6/ide_profiles/xcode";
				USE_HEADERMAP = NO;
				WARNING_CFLAGS = ("-Wmost","-Wno-four-char-constants","-Wno-unknown-pragmas","$(inherited)");
			};
			name = MinSizeRel;
		};
		8DCF90B2348C4F0AAA041238 /* RelWithDebInfo */ = {
			isa = XCBuildConfiguration;
			buildSettings = {
				COMBINE_HIDPI_IMAGES = YES;
				GCC_GENERATE_DEBUGGING_SYMBOLS = YES;
				GCC_INLINES_ARE_PRIVATE_EXTERN = NO;
				GCC_OPTIMIZATION_LEVEL = 0;
				GCC_PREPROCESSOR_DEFINITIONS = ("'CMAKE_INTDIR=\"$(CONFIGURATION)$(EFFECTIVE_PLATFORM_NAME)\"'");
				GCC_SYMBOLS_PRIVATE_EXTERN = NO;
				INSTALL_PATH = "";
				OTHER_LDFLAGS = " ";
				OTHER_REZFLAGS = "";
				PRODUCT_NAME = ZERO_CHECK;
				SECTORDER_FLAGS = "";
				SYMROOT = "/Users/lukasss/Coding/CarND-Extended-Kalman-Filter-Project-P6/ide_profiles/xcode";
				USE_HEADERMAP = NO;
				WARNING_CFLAGS = ("-Wmost","-Wno-four-char-constants","-Wno-unknown-pragmas","$(inherited)");
			};
			name = RelWithDebInfo;
		};
		A7DDFD7F32524F37BF3FA788 /* Release */ = {
			isa = XCBuildConfiguration;
			buildSettings = {
				COMBINE_HIDPI_IMAGES = YES;
				GCC_GENERATE_DEBUGGING_SYMBOLS = YES;
				GCC_INLINES_ARE_PRIVATE_EXTERN = NO;
				GCC_OPTIMIZATION_LEVEL = 0;
				GCC_PREPROCESSOR_DEFINITIONS = ("'CMAKE_INTDIR=\"$(CONFIGURATION)$(EFFECTIVE_PLATFORM_NAME)\"'");
				GCC_SYMBOLS_PRIVATE_EXTERN = NO;
				INSTALL_PATH = "";
				OTHER_LDFLAGS = " ";
				OTHER_REZFLAGS = "";
				PRODUCT_NAME = ALL_BUILD;
				SECTORDER_FLAGS = "";
				SYMROOT = "/Users/lukasss/Coding/CarND-Extended-Kalman-Filter-Project-P6/ide_profiles/xcode";
				USE_HEADERMAP = NO;
				WARNING_CFLAGS = ("-Wmost","-Wno-four-char-constants","-Wno-unknown-pragmas","$(inherited)");
			};
			name = Release;
		};
		A8D407FE9C5F40E995F4F5C4 /* RelWithDebInfo */ = {
			isa = XCBuildConfiguration;
			buildSettings = {
				COMBINE_HIDPI_IMAGES = YES;
				EXECUTABLE_PREFIX = "";
				EXECUTABLE_SUFFIX = "";
				GCC_GENERATE_DEBUGGING_SYMBOLS = YES;
				GCC_INLINES_ARE_PRIVATE_EXTERN = NO;
				GCC_OPTIMIZATION_LEVEL = 2;
				GCC_PREPROCESSOR_DEFINITIONS = ("'CMAKE_INTDIR=\"$(CONFIGURATION)$(EFFECTIVE_PLATFORM_NAME)\"'");
				GCC_SYMBOLS_PRIVATE_EXTERN = NO;
				HEADER_SEARCH_PATHS = (/usr/local/include,/usr/local/opt/openssl/include);
				INSTALL_PATH = "";
				LD_RUNPATH_SEARCH_PATHS = "/usr/local/lib /usr/local/opt/openssl/lib /usr/local/Cellar/libuv/1*/lib";
				LIBRARY_SEARCH_PATHS = " /usr/local/lib/$(CONFIGURATION)$(EFFECTIVE_PLATFORM_NAME) /usr/local/lib /usr/local/opt/openssl/lib/$(CONFIGURATION)$(EFFECTIVE_PLATFORM_NAME) /usr/local/opt/openssl/lib /usr/local/Cellar/libuv/1*/lib/$(CONFIGURATION)$(EFFECTIVE_PLATFORM_NAME) /usr/local/Cellar/libuv/1*/lib";
				OTHER_CPLUSPLUSFLAGS = "-Wall        -DNDEBUG   -std=c++11";
				OTHER_LDFLAGS = " -Wl,-search_paths_first -Wl,-headerpad_max_install_names  -lz -lssl -luv -luWS";
				OTHER_REZFLAGS = "";
				PRODUCT_NAME = ExtendedKF;
				SECTORDER_FLAGS = "";
				SYMROOT = "/Users/lukasss/Coding/CarND-Extended-Kalman-Filter-Project-P6/ide_profiles/xcode";
				USE_HEADERMAP = NO;
				WARNING_CFLAGS = ("-Wmost","-Wno-four-char-constants","-Wno-unknown-pragmas","$(inherited)");
			};
			name = RelWithDebInfo;
		};
		B73F508D94B748E18387E625 /* Debug */ = {
			isa = XCBuildConfiguration;
			buildSettings = {
				COMBINE_HIDPI_IMAGES = YES;
				GCC_GENERATE_DEBUGGING_SYMBOLS = YES;
				GCC_INLINES_ARE_PRIVATE_EXTERN = NO;
				GCC_OPTIMIZATION_LEVEL = 0;
				GCC_PREPROCESSOR_DEFINITIONS = ("'CMAKE_INTDIR=\"$(CONFIGURATION)$(EFFECTIVE_PLATFORM_NAME)\"'");
				GCC_SYMBOLS_PRIVATE_EXTERN = NO;
				INSTALL_PATH = "";
				OTHER_LDFLAGS = " ";
				OTHER_REZFLAGS = "";
				PRODUCT_NAME = ALL_BUILD;
				SECTORDER_FLAGS = "";
				SYMROOT = "/Users/lukasss/Coding/CarND-Extended-Kalman-Filter-Project-P6/ide_profiles/xcode";
				USE_HEADERMAP = NO;
				WARNING_CFLAGS = ("-Wmost","-Wno-four-char-constants","-Wno-unknown-pragmas","$(inherited)");
			};
			name = Debug;
		};
		B90F2AF7FF9D439690CAD529 /* RelWithDebInfo */ = {
			isa = XCBuildConfiguration;
			buildSettings = {
				COMBINE_HIDPI_IMAGES = YES;
				GCC_GENERATE_DEBUGGING_SYMBOLS = YES;
				GCC_INLINES_ARE_PRIVATE_EXTERN = NO;
				GCC_OPTIMIZATION_LEVEL = 0;
				GCC_PREPROCESSOR_DEFINITIONS = ("'CMAKE_INTDIR=\"$(CONFIGURATION)$(EFFECTIVE_PLATFORM_NAME)\"'");
				GCC_SYMBOLS_PRIVATE_EXTERN = NO;
				INSTALL_PATH = "";
				OTHER_LDFLAGS = " ";
				OTHER_REZFLAGS = "";
				PRODUCT_NAME = ALL_BUILD;
				SECTORDER_FLAGS = "";
				SYMROOT = "/Users/lukasss/Coding/CarND-Extended-Kalman-Filter-Project-P6/ide_profiles/xcode";
				USE_HEADERMAP = NO;
				WARNING_CFLAGS = ("-Wmost","-Wno-four-char-constants","-Wno-unknown-pragmas","$(inherited)");
			};
			name = RelWithDebInfo;
		};
		C9444476A6AF4895927507F4 /* Debug */ = {
			isa = XCBuildConfiguration;
			buildSettings = {
				COMBINE_HIDPI_IMAGES = YES;
				EXECUTABLE_PREFIX = "";
				EXECUTABLE_SUFFIX = "";
				GCC_GENERATE_DEBUGGING_SYMBOLS = YES;
				GCC_INLINES_ARE_PRIVATE_EXTERN = NO;
				GCC_OPTIMIZATION_LEVEL = 0;
				GCC_PREPROCESSOR_DEFINITIONS = ("'CMAKE_INTDIR=\"$(CONFIGURATION)$(EFFECTIVE_PLATFORM_NAME)\"'");
				GCC_SYMBOLS_PRIVATE_EXTERN = NO;
				HEADER_SEARCH_PATHS = (/usr/local/include,/usr/local/opt/openssl/include);
				INSTALL_PATH = "";
				LD_RUNPATH_SEARCH_PATHS = "/usr/local/lib /usr/local/opt/openssl/lib /usr/local/Cellar/libuv/1*/lib";
				LIBRARY_SEARCH_PATHS = " /usr/local/lib/$(CONFIGURATION)$(EFFECTIVE_PLATFORM_NAME) /usr/local/lib /usr/local/opt/openssl/lib/$(CONFIGURATION)$(EFFECTIVE_PLATFORM_NAME) /usr/local/opt/openssl/lib /usr/local/Cellar/libuv/1*/lib/$(CONFIGURATION)$(EFFECTIVE_PLATFORM_NAME) /usr/local/Cellar/libuv/1*/lib";
				OTHER_CPLUSPLUSFLAGS = "-Wall      -std=c++11";
				OTHER_LDFLAGS = " -Wl,-search_paths_first -Wl,-headerpad_max_install_names  -lz -lssl -luv -luWS";
				OTHER_REZFLAGS = "";
				PRODUCT_NAME = ExtendedKF;
				SECTORDER_FLAGS = "";
				SYMROOT = "/Users/lukasss/Coding/CarND-Extended-Kalman-Filter-Project-P6/ide_profiles/xcode";
				USE_HEADERMAP = NO;
				WARNING_CFLAGS = ("-Wmost","-Wno-four-char-constants","-Wno-unknown-pragmas","$(inherited)");
			};
			name = Debug;
		};
		D58F71663B344CF685EC8AE5 /* Debug */ = {
			isa = XCBuildConfiguration;
			buildSettings = {
				COMBINE_HIDPI_IMAGES = YES;
				GCC_GENERATE_DEBUGGING_SYMBOLS = YES;
				GCC_INLINES_ARE_PRIVATE_EXTERN = NO;
				GCC_OPTIMIZATION_LEVEL = 0;
				GCC_PREPROCESSOR_DEFINITIONS = ("'CMAKE_INTDIR=\"$(CONFIGURATION)$(EFFECTIVE_PLATFORM_NAME)\"'");
				GCC_SYMBOLS_PRIVATE_EXTERN = NO;
				INSTALL_PATH = "";
				OTHER_LDFLAGS = " ";
				OTHER_REZFLAGS = "";
				PRODUCT_NAME = ZERO_CHECK;
				SECTORDER_FLAGS = "";
				SYMROOT = "/Users/lukasss/Coding/CarND-Extended-Kalman-Filter-Project-P6/ide_profiles/xcode";
				USE_HEADERMAP = NO;
				WARNING_CFLAGS = ("-Wmost","-Wno-four-char-constants","-Wno-unknown-pragmas","$(inherited)");
			};
			name = Debug;
		};
		D8DAD314C87741D2AE717D2B /* Release */ = {
			isa = XCBuildConfiguration;
			buildSettings = {
				ONLY_ACTIVE_ARCH = YES;
				SDKROOT = /Applications/Xcode.app/Contents/Developer/Platforms/MacOSX.platform/Developer/SDKs/MacOSX10.13.sdk;
				SYMROOT = "/Users/lukasss/Coding/CarND-Extended-Kalman-Filter-Project-P6/ide_profiles/xcode/build";
			};
			name = Release;
		};
		E85B86C1A5024961A5D43BAC /* Release */ = {
			isa = XCBuildConfiguration;
			buildSettings = {
				COMBINE_HIDPI_IMAGES = YES;
				GCC_GENERATE_DEBUGGING_SYMBOLS = YES;
				GCC_INLINES_ARE_PRIVATE_EXTERN = NO;
				GCC_OPTIMIZATION_LEVEL = 0;
				GCC_PREPROCESSOR_DEFINITIONS = ("'CMAKE_INTDIR=\"$(CONFIGURATION)$(EFFECTIVE_PLATFORM_NAME)\"'");
				GCC_SYMBOLS_PRIVATE_EXTERN = NO;
				INSTALL_PATH = "";
				OTHER_LDFLAGS = " ";
				OTHER_REZFLAGS = "";
				PRODUCT_NAME = ZERO_CHECK;
				SECTORDER_FLAGS = "";
				SYMROOT = "/Users/lukasss/Coding/CarND-Extended-Kalman-Filter-Project-P6/ide_profiles/xcode";
				USE_HEADERMAP = NO;
				WARNING_CFLAGS = ("-Wmost","-Wno-four-char-constants","-Wno-unknown-pragmas","$(inherited)");
			};
			name = Release;
		};
		F30162D310AD407B920DDE51 /* Debug */ = {
			isa = XCBuildConfiguration;
			buildSettings = {
				ONLY_ACTIVE_ARCH = YES;
				SDKROOT = /Applications/Xcode.app/Contents/Developer/Platforms/MacOSX.platform/Developer/SDKs/MacOSX10.13.sdk;
				SYMROOT = "/Users/lukasss/Coding/CarND-Extended-Kalman-Filter-Project-P6/ide_profiles/xcode/build";
			};
			name = Debug;
		};
/* End XCBuildConfiguration section */

/* Begin XCConfigurationList section */
		23471073960F4D398068D614 /* Build configuration list for PBXProject "ExtendedKF" */ = {
			isa = XCConfigurationList;
			buildConfigurations = (
				F30162D310AD407B920DDE51 /* Debug */,
				D8DAD314C87741D2AE717D2B /* Release */,
				0663A2EEDA7A455B817E8D05 /* MinSizeRel */,
				5649906D0CCB46888755B0EA /* RelWithDebInfo */,
			);
			defaultConfigurationIsVisible = 0;
			defaultConfigurationName = Debug;
		};
		2ECA778DE00E4A1099D3B41E /* Build configuration list for PBXAggregateTarget "ZERO_CHECK" */ = {
			isa = XCConfigurationList;
			buildConfigurations = (
				D58F71663B344CF685EC8AE5 /* Debug */,
				E85B86C1A5024961A5D43BAC /* Release */,
				5B57BDC55DB34E91AA4F7701 /* MinSizeRel */,
				8DCF90B2348C4F0AAA041238 /* RelWithDebInfo */,
			);
			defaultConfigurationIsVisible = 0;
			defaultConfigurationName = Debug;
		};
		2F7E629C49E7431D99964402 /* Build configuration list for PBXAggregateTarget "ALL_BUILD" */ = {
			isa = XCConfigurationList;
			buildConfigurations = (
				B73F508D94B748E18387E625 /* Debug */,
				A7DDFD7F32524F37BF3FA788 /* Release */,
				388DA966047142E8BA1DA634 /* MinSizeRel */,
				B90F2AF7FF9D439690CAD529 /* RelWithDebInfo */,
			);
			defaultConfigurationIsVisible = 0;
			defaultConfigurationName = Debug;
		};
		5C994BE2A84D4C63B093E25A /* Build configuration list for PBXNativeTarget "ExtendedKF" */ = {
			isa = XCConfigurationList;
			buildConfigurations = (
				C9444476A6AF4895927507F4 /* Debug */,
				10FADA735AAB485B95102BA7 /* Release */,
				5EC5466EB024416CAF356D0C /* MinSizeRel */,
				A8D407FE9C5F40E995F4F5C4 /* RelWithDebInfo */,
			);
			defaultConfigurationIsVisible = 0;
			defaultConfigurationName = Debug;
		};
/* End XCConfigurationList section */
	};
	rootObject = DE733ABA857F4FCB82982CA0 /* Project object */;
}
